
Microsoft Visual Studio Solution File, Format Version 12.00
# Visual Studio Version 17
VisualStudioVersion = 17.14.36623.8
MinimumVisualStudioVersion = 10.0.40219.1
Project("{FAE04EC0-301F-11D3-BF4B-00C04F79EFBC}") = "CpParcial2Edmd", "CpParcial2Edmd\CpParcial2Edmd.csproj", "{F2E92418-AE43-40D2-8EA3-862022793DF0}"
EndProject
Project("{FAE04EC0-301F-11D3-BF4B-00C04F79EFBC}") = "CadParcial2Edmd", "CadParcial2Edmd\CadParcial2Edmd.csproj", "{8BF50E1A-42F4-4D57-A9AE-12210EFB461C}"
EndProject
Project("{FAE04EC0-301F-11D3-BF4B-00C04F79EFBC}") = "ClnParcial2Edmd", "ClnParcial2Edmd\ClnParcial2Edmd.csproj", "{06192C2F-7D3A-4399-ABD0-374F69FC9C54}"
EndProject
Global
	GlobalSection(SolutionConfigurationPlatforms) = preSolution
		Debug|Any CPU = Debug|Any CPU
		Release|Any CPU = Release|Any CPU
	EndGlobalSection
	GlobalSection(ProjectConfigurationPlatforms) = postSolution
		{F2E92418-AE43-40D2-8EA3-862022793DF0}.Debug|Any CPU.ActiveCfg = Debug|Any CPU
		{F2E92418-AE43-40D2-8EA3-862022793DF0}.Debug|Any CPU.Build.0 = Debug|Any CPU
		{F2E92418-AE43-40D2-8EA3-862022793DF0}.Release|Any CPU.ActiveCfg = Release|Any CPU
		{F2E92418-AE43-40D2-8EA3-862022793DF0}.Release|Any CPU.Build.0 = Release|Any CPU
		{8BF50E1A-42F4-4D57-A9AE-12210EFB461C}.Debug|Any CPU.ActiveCfg = Debug|Any CPU
		{8BF50E1A-42F4-4D57-A9AE-12210EFB461C}.Debug|Any CPU.Build.0 = Debug|Any CPU
		{8BF50E1A-42F4-4D57-A9AE-12210EFB461C}.Release|Any CPU.ActiveCfg = Release|Any CPU
		{8BF50E1A-42F4-4D57-A9AE-12210EFB461C}.Release|Any CPU.Build.0 = Release|Any CPU
		{06192C2F-7D3A-4399-ABD0-374F69FC9C54}.Debug|Any CPU.ActiveCfg = Debug|Any CPU
		{06192C2F-7D3A-4399-ABD0-374F69FC9C54}.Debug|Any CPU.Build.0 = Debug|Any CPU
		{06192C2F-7D3A-4399-ABD0-374F69FC9C54}.Release|Any CPU.ActiveCfg = Release|Any CPU
		{06192C2F-7D3A-4399-ABD0-374F69FC9C54}.Release|Any CPU.Build.0 = Release|Any CPU
	EndGlobalSection
	GlobalSection(SolutionProperties) = preSolution
		HideSolutionNode = FALSE
	EndGlobalSection
	GlobalSection(ExtensibilityGlobals) = postSolution
		SolutionGuid = {3AA9B0BE-B75D-4F8A-A893-B2A39435F2B8}
	EndGlobalSection
EndGlobal
